
Microsoft Visual Studio Solution File, Format Version 12.00
# Visual Studio Version 16
VisualStudioVersion = 16.0.810.17
MinimumVisualStudioVersion = 10.0.40219.1
Project("{FAE04EC0-301F-11D3-BF4B-00C04F79EFBC}") = "AnalysisITC.MacOS", "AnalysisITC.MacOS\AnalysisITC.MacOS.csproj", "{4629D00B-869F-4003-8F6E-228C01A22994}"
EndProject
Project("{FAE04EC0-301F-11D3-BF4B-00C04F79EFBC}") = "AnalysisITC.Core", "AnalysisITC.Core\AnalysisITC.Core.csproj", "{F32343FC-8657-4362-8B8B-F1C885E1F3B0}"
EndProject
Project("{FAE04EC0-301F-11D3-BF4B-00C04F79EFBC}") = "AnalysisITC.Avalonia", "AnalysisITC.Avalonia\AnalysisITC.Avalonia.csproj", "{04D51352-2551-4485-8381-1E12871E9E2B}"
EndProject
Project("{FAE04EC0-301F-11D3-BF4B-00C04F79EFBC}") = "AnalysisITC.Core.Tests", "AnalysisITC.Core.Tests\AnalysisITC.Core.Tests.csproj", "{E3F32485-FA45-4FA1-9144-40E6ADDD345B}"
EndProject
Project("{FAE04EC0-301F-11D3-BF4B-00C04F79EFBC}") = "AnalysisITC.Web", "AnalysisITC.Web\AnalysisITC.Web.csproj", "{1806BAD2-49FD-411A-B073-9265B5001681}"
EndProject
Project("{FAE04EC0-301F-11D3-BF4B-00C04F79EFBC}") = "AnalysisITC.Web.Tests", "AnalysisITC.Web.Tests\AnalysisITC.Web.Tests.csproj", "{A2FCE0D7-0F18-49A1-94A7-45D470C4A9C1}"
EndProject
Project("{FAE04EC0-301F-11D3-BF4B-00C04F79EFBC}") = "AnalysisITC.Avalonia.Tests", "AnalysisITC.Avalonia.Tests\AnalysisITC.Avalonia.Tests.csproj", "{D4EFC8A6-6A1B-49B3-A0F5-8D03C9C49A56}"
EndProject
Project("{2150E333-8FDC-42A3-9474-1A3956D46DE8}") = "Solution Items", "Solution Items", "{191AE241-44F8-43F1-BC64-AC7D0F6CB5CA}"
	ProjectSection(SolutionItems) = preProject
		README.md = README.md
		VERSION = VERSION
		LICENSE.md = LICENSE.md
		Documentation\Schemas\FTXTC\FTXTC_FORMAT.md = Documentation\Schemas\FTXTC\FTXTC_FORMAT.md
		citation.json = citation.json
	EndProjectSection
EndProject
Project("{2150E333-8FDC-42A3-9474-1A3956D46DE8}") = "tools", "tools", "{07C2787E-EAC7-C090-1BA3-A61EC2A24D84}"
EndProject
Project("{FAE04EC0-301F-11D3-BF4B-00C04F79EFBC}") = "TandemMixingReport", "tools\TandemMixingReport\TandemMixingReport.csproj", "{C51AFBD0-EBBD-4A93-B760-24B18C8041AE}"
EndProject
Global
	GlobalSection(SolutionConfigurationPlatforms) = preSolution
		Debug|Any CPU = Debug|Any CPU
		Debug|x64 = Debug|x64
		Debug|x86 = Debug|x86
		Release|Any CPU = Release|Any CPU
		Release|x64 = Release|x64
		Release|x86 = Release|x86
		Arm64|Any CPU = Arm64|Any CPU
		Arm64|x64 = Arm64|x64
		Arm64|x86 = Arm64|x86
	EndGlobalSection
	GlobalSection(ProjectConfigurationPlatforms) = postSolution
		{4629D00B-869F-4003-8F6E-228C01A22994}.Debug|Any CPU.ActiveCfg = Debug|Any CPU
		{4629D00B-869F-4003-8F6E-228C01A22994}.Debug|Any CPU.Build.0 = Debug|Any CPU
		{4629D00B-869F-4003-8F6E-228C01A22994}.Debug|x64.ActiveCfg = Debug|Any CPU
		{4629D00B-869F-4003-8F6E-228C01A22994}.Debug|x64.Build.0 = Debug|Any CPU
		{4629D00B-869F-4003-8F6E-228C01A22994}.Debug|x86.ActiveCfg = Debug|Any CPU
		{4629D00B-869F-4003-8F6E-228C01A22994}.Debug|x86.Build.0 = Debug|Any CPU
		{4629D00B-869F-4003-8F6E-228C01A22994}.Release|Any CPU.ActiveCfg = Release|Any CPU
		{4629D00B-869F-4003-8F6E-228C01A22994}.Release|Any CPU.Build.0 = Release|Any CPU
		{4629D00B-869F-4003-8F6E-228C01A22994}.Release|x64.ActiveCfg = Release|Any CPU
		{4629D00B-869F-4003-8F6E-228C01A22994}.Release|x64.Build.0 = Release|Any CPU
		{4629D00B-869F-4003-8F6E-228C01A22994}.Release|x86.ActiveCfg = Release|Any CPU
		{4629D00B-869F-4003-8F6E-228C01A22994}.Release|x86.Build.0 = Release|Any CPU
		{4629D00B-869F-4003-8F6E-228C01A22994}.Arm64|x64.ActiveCfg = Arm64|Any CPU
		{4629D00B-869F-4003-8F6E-228C01A22994}.Arm64|x64.Build.0 = Arm64|Any CPU
		{4629D00B-869F-4003-8F6E-228C01A22994}.Arm64|x86.ActiveCfg = Arm64|Any CPU
		{4629D00B-869F-4003-8F6E-228C01A22994}.Arm64|x86.Build.0 = Arm64|Any CPU
		{F32343FC-8657-4362-8B8B-F1C885E1F3B0}.Debug|Any CPU.ActiveCfg = Debug|Any CPU
		{F32343FC-8657-4362-8B8B-F1C885E1F3B0}.Debug|Any CPU.Build.0 = Debug|Any CPU
		{F32343FC-8657-4362-8B8B-F1C885E1F3B0}.Debug|x64.ActiveCfg = Debug|Any CPU
		{F32343FC-8657-4362-8B8B-F1C885E1F3B0}.Debug|x64.Build.0 = Debug|Any CPU
		{F32343FC-8657-4362-8B8B-F1C885E1F3B0}.Debug|x86.ActiveCfg = Debug|Any CPU
		{F32343FC-8657-4362-8B8B-F1C885E1F3B0}.Debug|x86.Build.0 = Debug|Any CPU
		{F32343FC-8657-4362-8B8B-F1C885E1F3B0}.Release|Any CPU.ActiveCfg = Release|Any CPU
		{F32343FC-8657-4362-8B8B-F1C885E1F3B0}.Release|Any CPU.Build.0 = Release|Any CPU
		{F32343FC-8657-4362-8B8B-F1C885E1F3B0}.Release|x64.ActiveCfg = Release|Any CPU
		{F32343FC-8657-4362-8B8B-F1C885E1F3B0}.Release|x64.Build.0 = Release|Any CPU
		{F32343FC-8657-4362-8B8B-F1C885E1F3B0}.Release|x86.ActiveCfg = Release|Any CPU
		{F32343FC-8657-4362-8B8B-F1C885E1F3B0}.Release|x86.Build.0 = Release|Any CPU
		{F32343FC-8657-4362-8B8B-F1C885E1F3B0}.Arm64|x64.ActiveCfg = Arm64|Any CPU
		{F32343FC-8657-4362-8B8B-F1C885E1F3B0}.Arm64|x64.Build.0 = Arm64|Any CPU
		{F32343FC-8657-4362-8B8B-F1C885E1F3B0}.Arm64|x86.ActiveCfg = Arm64|Any CPU
		{F32343FC-8657-4362-8B8B-F1C885E1F3B0}.Arm64|x86.Build.0 = Arm64|Any CPU
		{04D51352-2551-4485-8381-1E12871E9E2B}.Debug|Any CPU.ActiveCfg = Debug|Any CPU
		{04D51352-2551-4485-8381-1E12871E9E2B}.Debug|Any CPU.Build.0 = Debug|Any CPU
		{04D51352-2551-4485-8381-1E12871E9E2B}.Debug|x64.ActiveCfg = Debug|Any CPU
		{04D51352-2551-4485-8381-1E12871E9E2B}.Debug|x64.Build.0 = Debug|Any CPU
		{04D51352-2551-4485-8381-1E12871E9E2B}.Debug|x86.ActiveCfg = Debug|Any CPU
		{04D51352-2551-4485-8381-1E12871E9E2B}.Debug|x86.Build.0 = Debug|Any CPU
		{04D51352-2551-4485-8381-1E12871E9E2B}.Release|Any CPU.ActiveCfg = Release|Any CPU
		{04D51352-2551-4485-8381-1E12871E9E2B}.Release|Any CPU.Build.0 = Release|Any CPU
		{04D51352-2551-4485-8381-1E12871E9E2B}.Release|x64.ActiveCfg = Release|Any CPU
		{04D51352-2551-4485-8381-1E12871E9E2B}.Release|x64.Build.0 = Release|Any CPU
		{04D51352-2551-4485-8381-1E12871E9E2B}.Release|x86.ActiveCfg = Release|Any CPU
		{04D51352-2551-4485-8381-1E12871E9E2B}.Release|x86.Build.0 = Release|Any CPU
		{04D51352-2551-4485-8381-1E12871E9E2B}.Arm64|Any CPU.ActiveCfg = Debug|Any CPU
		{04D51352-2551-4485-8381-1E12871E9E2B}.Arm64|Any CPU.Build.0 = Debug|Any CPU
		{04D51352-2551-4485-8381-1E12871E9E2B}.Arm64|x64.ActiveCfg = Arm64|Any CPU
		{04D51352-2551-4485-8381-1E12871E9E2B}.Arm64|x64.Build.0 = Arm64|Any CPU
		{04D51352-2551-4485-8381-1E12871E9E2B}.Arm64|x86.ActiveCfg = Arm64|Any CPU
		{04D51352-2551-4485-8381-1E12871E9E2B}.Arm64|x86.Build.0 = Arm64|Any CPU
		{E3F32485-FA45-4FA1-9144-40E6ADDD345B}.Debug|Any CPU.ActiveCfg = Debug|Any CPU
		{E3F32485-FA45-4FA1-9144-40E6ADDD345B}.Debug|Any CPU.Build.0 = Debug|Any CPU
		{E3F32485-FA45-4FA1-9144-40E6ADDD345B}.Debug|x64.ActiveCfg = Debug|Any CPU
		{E3F32485-FA45-4FA1-9144-40E6ADDD345B}.Debug|x64.Build.0 = Debug|Any CPU
		{E3F32485-FA45-4FA1-9144-40E6ADDD345B}.Debug|x86.ActiveCfg = Debug|Any CPU
		{E3F32485-FA45-4FA1-9144-40E6ADDD345B}.Debug|x86.Build.0 = Debug|Any CPU
		{E3F32485-FA45-4FA1-9144-40E6ADDD345B}.Release|Any CPU.ActiveCfg = Release|Any CPU
		{E3F32485-FA45-4FA1-9144-40E6ADDD345B}.Release|Any CPU.Build.0 = Release|Any CPU
		{E3F32485-FA45-4FA1-9144-40E6ADDD345B}.Release|x64.ActiveCfg = Release|Any CPU
		{E3F32485-FA45-4FA1-9144-40E6ADDD345B}.Release|x64.Build.0 = Release|Any CPU
		{E3F32485-FA45-4FA1-9144-40E6ADDD345B}.Release|x86.ActiveCfg = Release|Any CPU
		{E3F32485-FA45-4FA1-9144-40E6ADDD345B}.Release|x86.Build.0 = Release|Any CPU
		{E3F32485-FA45-4FA1-9144-40E6ADDD345B}.Arm64|Any CPU.ActiveCfg = Debug|Any CPU
		{E3F32485-FA45-4FA1-9144-40E6ADDD345B}.Arm64|Any CPU.Build.0 = Debug|Any CPU
		{E3F32485-FA45-4FA1-9144-40E6ADDD345B}.Arm64|x64.ActiveCfg = Arm64|Any CPU
		{E3F32485-FA45-4FA1-9144-40E6ADDD345B}.Arm64|x64.Build.0 = Arm64|Any CPU
		{E3F32485-FA45-4FA1-9144-40E6ADDD345B}.Arm64|x86.ActiveCfg = Arm64|Any CPU
		{E3F32485-FA45-4FA1-9144-40E6ADDD345B}.Arm64|x86.Build.0 = Arm64|Any CPU
		{1806BAD2-49FD-411A-B073-9265B5001681}.Debug|Any CPU.ActiveCfg = Debug|Any CPU
		{1806BAD2-49FD-411A-B073-9265B5001681}.Debug|Any CPU.Build.0 = Debug|Any CPU
		{1806BAD2-49FD-411A-B073-9265B5001681}.Debug|x64.ActiveCfg = Debug|Any CPU
		{1806BAD2-49FD-411A-B073-9265B5001681}.Debug|x64.Build.0 = Debug|Any CPU
		{1806BAD2-49FD-411A-B073-9265B5001681}.Debug|x86.ActiveCfg = Debug|Any CPU
		{1806BAD2-49FD-411A-B073-9265B5001681}.Debug|x86.Build.0 = Debug|Any CPU
		{1806BAD2-49FD-411A-B073-9265B5001681}.Release|Any CPU.ActiveCfg = Release|Any CPU
		{1806BAD2-49FD-411A-B073-9265B5001681}.Release|Any CPU.Build.0 = Release|Any CPU
		{1806BAD2-49FD-411A-B073-9265B5001681}.Release|x64.ActiveCfg = Release|Any CPU
		{1806BAD2-49FD-411A-B073-9265B5001681}.Release|x64.Build.0 = Release|Any CPU
		{1806BAD2-49FD-411A-B073-9265B5001681}.Release|x86.ActiveCfg = Release|Any CPU
		{1806BAD2-49FD-411A-B073-9265B5001681}.Release|x86.Build.0 = Release|Any CPU
		{1806BAD2-49FD-411A-B073-9265B5001681}.Arm64|Any CPU.ActiveCfg = Debug|Any CPU
		{1806BAD2-49FD-411A-B073-9265B5001681}.Arm64|Any CPU.Build.0 = Debug|Any CPU
		{1806BAD2-49FD-411A-B073-9265B5001681}.Arm64|x64.ActiveCfg = Arm64|Any CPU
		{1806BAD2-49FD-411A-B073-9265B5001681}.Arm64|x64.Build.0 = Arm64|Any CPU
		{1806BAD2-49FD-411A-B073-9265B5001681}.Arm64|x86.ActiveCfg = Arm64|Any CPU
		{1806BAD2-49FD-411A-B073-9265B5001681}.Arm64|x86.Build.0 = Arm64|Any CPU
		{A2FCE0D7-0F18-49A1-94A7-45D470C4A9C1}.Debug|Any CPU.ActiveCfg = Debug|Any CPU
		{A2FCE0D7-0F18-49A1-94A7-45D470C4A9C1}.Debug|Any CPU.Build.0 = Debug|Any CPU
		{A2FCE0D7-0F18-49A1-94A7-45D470C4A9C1}.Debug|x64.ActiveCfg = Debug|Any CPU
		{A2FCE0D7-0F18-49A1-94A7-45D470C4A9C1}.Debug|x64.Build.0 = Debug|Any CPU
		{A2FCE0D7-0F18-49A1-94A7-45D470C4A9C1}.Debug|x86.ActiveCfg = Debug|Any CPU
		{A2FCE0D7-0F18-49A1-94A7-45D470C4A9C1}.Debug|x86.Build.0 = Debug|Any CPU
		{A2FCE0D7-0F18-49A1-94A7-45D470C4A9C1}.Release|Any CPU.ActiveCfg = Release|Any CPU
		{A2FCE0D7-0F18-49A1-94A7-45D470C4A9C1}.Release|Any CPU.Build.0 = Release|Any CPU
		{A2FCE0D7-0F18-49A1-94A7-45D470C4A9C1}.Release|x64.ActiveCfg = Release|Any CPU
		{A2FCE0D7-0F18-49A1-94A7-45D470C4A9C1}.Release|x64.Build.0 = Release|Any CPU
		{A2FCE0D7-0F18-49A1-94A7-45D470C4A9C1}.Release|x86.ActiveCfg = Release|Any CPU
		{A2FCE0D7-0F18-49A1-94A7-45D470C4A9C1}.Release|x86.Build.0 = Release|Any CPU
		{A2FCE0D7-0F18-49A1-94A7-45D470C4A9C1}.Arm64|Any CPU.ActiveCfg = Debug|Any CPU
		{A2FCE0D7-0F18-49A1-94A7-45D470C4A9C1}.Arm64|Any CPU.Build.0 = Debug|Any CPU
		{A2FCE0D7-0F18-49A1-94A7-45D470C4A9C1}.Arm64|x64.ActiveCfg = Arm64|Any CPU
		{A2FCE0D7-0F18-49A1-94A7-45D470C4A9C1}.Arm64|x64.Build.0 = Arm64|Any CPU
		{A2FCE0D7-0F18-49A1-94A7-45D470C4A9C1}.Arm64|x86.ActiveCfg = Arm64|Any CPU
		{A2FCE0D7-0F18-49A1-94A7-45D470C4A9C1}.Arm64|x86.Build.0 = Arm64|Any CPU
		{D4EFC8A6-6A1B-49B3-A0F5-8D03C9C49A56}.Debug|Any CPU.ActiveCfg = Debug|Any CPU
		{D4EFC8A6-6A1B-49B3-A0F5-8D03C9C49A56}.Debug|Any CPU.Build.0 = Debug|Any CPU
		{D4EFC8A6-6A1B-49B3-A0F5-8D03C9C49A56}.Debug|x64.ActiveCfg = Debug|Any CPU
		{D4EFC8A6-6A1B-49B3-A0F5-8D03C9C49A56}.Debug|x64.Build.0 = Debug|Any CPU
		{D4EFC8A6-6A1B-49B3-A0F5-8D03C9C49A56}.Debug|x86.ActiveCfg = Debug|Any CPU
		{D4EFC8A6-6A1B-49B3-A0F5-8D03C9C49A56}.Debug|x86.Build.0 = Debug|Any CPU
		{D4EFC8A6-6A1B-49B3-A0F5-8D03C9C49A56}.Release|Any CPU.ActiveCfg = Release|Any CPU
		{D4EFC8A6-6A1B-49B3-A0F5-8D03C9C49A56}.Release|Any CPU.Build.0 = Release|Any CPU
		{D4EFC8A6-6A1B-49B3-A0F5-8D03C9C49A56}.Release|x64.ActiveCfg = Release|Any CPU
		{D4EFC8A6-6A1B-49B3-A0F5-8D03C9C49A56}.Release|x64.Build.0 = Release|Any CPU
		{D4EFC8A6-6A1B-49B3-A0F5-8D03C9C49A56}.Release|x86.ActiveCfg = Release|Any CPU
		{D4EFC8A6-6A1B-49B3-A0F5-8D03C9C49A56}.Release|x86.Build.0 = Release|Any CPU
		{D4EFC8A6-6A1B-49B3-A0F5-8D03C9C49A56}.Arm64|Any CPU.ActiveCfg = Debug|Any CPU
		{D4EFC8A6-6A1B-49B3-A0F5-8D03C9C49A56}.Arm64|Any CPU.Build.0 = Debug|Any CPU
		{D4EFC8A6-6A1B-49B3-A0F5-8D03C9C49A56}.Arm64|x64.ActiveCfg = Arm64|Any CPU
		{D4EFC8A6-6A1B-49B3-A0F5-8D03C9C49A56}.Arm64|x64.Build.0 = Arm64|Any CPU
		{D4EFC8A6-6A1B-49B3-A0F5-8D03C9C49A56}.Arm64|x86.ActiveCfg = Arm64|Any CPU
		{D4EFC8A6-6A1B-49B3-A0F5-8D03C9C49A56}.Arm64|x86.Build.0 = Arm64|Any CPU
		{C51AFBD0-EBBD-4A93-B760-24B18C8041AE}.Debug|Any CPU.ActiveCfg = Debug|Any CPU
		{C51AFBD0-EBBD-4A93-B760-24B18C8041AE}.Debug|Any CPU.Build.0 = Debug|Any CPU
		{C51AFBD0-EBBD-4A93-B760-24B18C8041AE}.Debug|x64.ActiveCfg = Debug|Any CPU
		{C51AFBD0-EBBD-4A93-B760-24B18C8041AE}.Debug|x64.Build.0 = Debug|Any CPU
		{C51AFBD0-EBBD-4A93-B760-24B18C8041AE}.Debug|x86.ActiveCfg = Debug|Any CPU
		{C51AFBD0-EBBD-4A93-B760-24B18C8041AE}.Debug|x86.Build.0 = Debug|Any CPU
		{C51AFBD0-EBBD-4A93-B760-24B18C8041AE}.Release|Any CPU.ActiveCfg = Release|Any CPU
		{C51AFBD0-EBBD-4A93-B760-24B18C8041AE}.Release|Any CPU.Build.0 = Release|Any CPU
		{C51AFBD0-EBBD-4A93-B760-24B18C8041AE}.Release|x64.ActiveCfg = Release|Any CPU
		{C51AFBD0-EBBD-4A93-B760-24B18C8041AE}.Release|x64.Build.0 = Release|Any CPU
		{C51AFBD0-EBBD-4A93-B760-24B18C8041AE}.Release|x86.ActiveCfg = Release|Any CPU
		{C51AFBD0-EBBD-4A93-B760-24B18C8041AE}.Release|x86.Build.0 = Release|Any CPU
		{C51AFBD0-EBBD-4A93-B760-24B18C8041AE}.Arm64|Any CPU.ActiveCfg = Debug|Any CPU
		{C51AFBD0-EBBD-4A93-B760-24B18C8041AE}.Arm64|Any CPU.Build.0 = Debug|Any CPU
		{C51AFBD0-EBBD-4A93-B760-24B18C8041AE}.Arm64|x64.ActiveCfg = Debug|Any CPU
		{C51AFBD0-EBBD-4A93-B760-24B18C8041AE}.Arm64|x64.Build.0 = Debug|Any CPU
		{C51AFBD0-EBBD-4A93-B760-24B18C8041AE}.Arm64|x86.ActiveCfg = Debug|Any CPU
		{C51AFBD0-EBBD-4A93-B760-24B18C8041AE}.Arm64|x86.Build.0 = Debug|Any CPU
	EndGlobalSection
	GlobalSection(SolutionProperties) = preSolution
		HideSolutionNode = FALSE
	EndGlobalSection
	GlobalSection(NestedProjects) = preSolution
		{C51AFBD0-EBBD-4A93-B760-24B18C8041AE} = {07C2787E-EAC7-C090-1BA3-A61EC2A24D84}
	EndGlobalSection
	GlobalSection(ExtensibilityGlobals) = postSolution
		SolutionGuid = {5AC1BAD2-3D76-460D-8512-B9A3135859BC}
	EndGlobalSection
	GlobalSection(MonoDevelopProperties) = preSolution
		version = 1.1
		Policies = $0
		$0.TextStylePolicy = $2
		$1.inheritsSet = null
		$1.scope = text/x-vs
		$2.inheritsSet = null
		$2.scope = text/x-csharp
		$0.CSharpFormattingPolicy = $3
		$3.scope = text/x-csharp
	EndGlobalSection
EndGlobal
